Microsoft Visual Studio Solution File, Format Version 12.00
# Visual Studio 15
VisualStudioVersion = 15.0.26124.0
MinimumVisualStudioVersion = 15.0.26124.0
Project("{2150E333-8FDC-42A3-9474-1A3956D46DE8}") = "src", "src", "{309ABF0B-35CC-40DE-BCDF-E326309442D1}"
EndProject
Project("{FAE04EC0-301F-11D3-BF4B-00C04F79EFBC}") = "Buttercup.Web", "src\Buttercup.Web\Buttercup.Web.csproj", "{C1FBF99E-812B-4376-B483-73F708864933}"
EndProject
Project("{FAE04EC0-301F-11D3-BF4B-00C04F79EFBC}") = "Buttercup.DataAccess", "src\Buttercup.DataAccess\Buttercup.DataAccess.csproj", "{6C5E23B1-5A66-4CA2-AF31-FA2909DE126F}"
EndProject
Project("{2150E333-8FDC-42A3-9474-1A3956D46DE8}") = "test", "test", "{864FF837-927B-4383-95CC-436E222E63CB}"
EndProject
Project("{FAE04EC0-301F-11D3-BF4B-00C04F79EFBC}") = "Buttercup.DataAccess.Tests", "test\Buttercup.DataAccess.Tests\Buttercup.DataAccess.Tests.csproj", "{F8F03E36-FF14-454B-8AC8-B3951A145F8A}"
EndProject
Project("{FAE04EC0-301F-11D3-BF4B-00C04F79EFBC}") = "Buttercup.Models", "src\Buttercup.Models\Buttercup.Models.csproj", "{1156740E-3129-4AAF-B314-EE3B23D9A955}"
EndProject
Project("{FAE04EC0-301F-11D3-BF4B-00C04F79EFBC}") = "Buttercup.Web.Tests", "test\Buttercup.Web.Tests\Buttercup.Web.Tests.csproj", "{03F1F886-AE14-418C-8F3D-7FA60D9A35E7}"
EndProject
Project("{FAE04EC0-301F-11D3-BF4B-00C04F79EFBC}") = "Buttercup.Email", "src\Buttercup.Email\Buttercup.Email.csproj", "{85F21702-FB55-455F-A16D-8B87CF2C994B}"
EndProject
Project("{FAE04EC0-301F-11D3-BF4B-00C04F79EFBC}") = "Buttercup.Email.Tests", "test\Buttercup.Email.Tests\Buttercup.Email.Tests.csproj", "{A69DD834-9E94-45AB-95E6-AB057ADB7711}"
EndProject
Project("{FAE04EC0-301F-11D3-BF4B-00C04F79EFBC}") = "Buttercup.Core", "src\Buttercup.Core\Buttercup.Core.csproj", "{C48F672B-FF70-4EFE-9CE5-6A1A8773B3F1}"
EndProject
Project("{FAE04EC0-301F-11D3-BF4B-00C04F79EFBC}") = "Buttercup.Core.Tests", "test\Buttercup.Core.Tests\Buttercup.Core.Tests.csproj", "{DF245389-2F9A-4CDC-B1FB-54C2A425205E}"
EndProject
Global
	GlobalSection(SolutionConfigurationPlatforms) = preSolution
		Debug|Any CPU = Debug|Any CPU
		Debug|x64 = Debug|x64
		Debug|x86 = Debug|x86
		Release|Any CPU = Release|Any CPU
		Release|x64 = Release|x64
		Release|x86 = Release|x86
	EndGlobalSection
	GlobalSection(SolutionProperties) = preSolution
		HideSolutionNode = FALSE
	EndGlobalSection
	GlobalSection(ProjectConfigurationPlatforms) = postSolution
		{C1FBF99E-812B-4376-B483-73F708864933}.Debug|Any CPU.ActiveCfg = Debug|Any CPU
		{C1FBF99E-812B-4376-B483-73F708864933}.Debug|Any CPU.Build.0 = Debug|Any CPU
		{C1FBF99E-812B-4376-B483-73F708864933}.Debug|x64.ActiveCfg = Debug|x64
		{C1FBF99E-812B-4376-B483-73F708864933}.Debug|x64.Build.0 = Debug|x64
		{C1FBF99E-812B-4376-B483-73F708864933}.Debug|x86.ActiveCfg = Debug|x86
		{C1FBF99E-812B-4376-B483-73F708864933}.Debug|x86.Build.0 = Debug|x86
		{C1FBF99E-812B-4376-B483-73F708864933}.Release|Any CPU.ActiveCfg = Release|Any CPU
		{C1FBF99E-812B-4376-B483-73F708864933}.Release|Any CPU.Build.0 = Release|Any CPU
		{C1FBF99E-812B-4376-B483-73F708864933}.Release|x64.ActiveCfg = Release|x64
		{C1FBF99E-812B-4376-B483-73F708864933}.Release|x64.Build.0 = Release|x64
		{C1FBF99E-812B-4376-B483-73F708864933}.Release|x86.ActiveCfg = Release|x86
		{C1FBF99E-812B-4376-B483-73F708864933}.Release|x86.Build.0 = Release|x86
		{6C5E23B1-5A66-4CA2-AF31-FA2909DE126F}.Debug|Any CPU.ActiveCfg = Debug|Any CPU
		{6C5E23B1-5A66-4CA2-AF31-FA2909DE126F}.Debug|Any CPU.Build.0 = Debug|Any CPU
		{6C5E23B1-5A66-4CA2-AF31-FA2909DE126F}.Debug|x64.ActiveCfg = Debug|x64
		{6C5E23B1-5A66-4CA2-AF31-FA2909DE126F}.Debug|x64.Build.0 = Debug|x64
		{6C5E23B1-5A66-4CA2-AF31-FA2909DE126F}.Debug|x86.ActiveCfg = Debug|x86
		{6C5E23B1-5A66-4CA2-AF31-FA2909DE126F}.Debug|x86.Build.0 = Debug|x86
		{6C5E23B1-5A66-4CA2-AF31-FA2909DE126F}.Release|Any CPU.ActiveCfg = Release|Any CPU
		{6C5E23B1-5A66-4CA2-AF31-FA2909DE126F}.Release|Any CPU.Build.0 = Release|Any CPU
		{6C5E23B1-5A66-4CA2-AF31-FA2909DE126F}.Release|x64.ActiveCfg = Release|x64
		{6C5E23B1-5A66-4CA2-AF31-FA2909DE126F}.Release|x64.Build.0 = Release|x64
		{6C5E23B1-5A66-4CA2-AF31-FA2909DE126F}.Release|x86.ActiveCfg = Release|x86
		{6C5E23B1-5A66-4CA2-AF31-FA2909DE126F}.Release|x86.Build.0 = Release|x86
		{F8F03E36-FF14-454B-8AC8-B3951A145F8A}.Debug|Any CPU.ActiveCfg = Debug|Any CPU
		{F8F03E36-FF14-454B-8AC8-B3951A145F8A}.Debug|Any CPU.Build.0 = Debug|Any CPU
		{F8F03E36-FF14-454B-8AC8-B3951A145F8A}.Debug|x64.ActiveCfg = Debug|x64
		{F8F03E36-FF14-454B-8AC8-B3951A145F8A}.Debug|x64.Build.0 = Debug|x64
		{F8F03E36-FF14-454B-8AC8-B3951A145F8A}.Debug|x86.ActiveCfg = Debug|x86
		{F8F03E36-FF14-454B-8AC8-B3951A145F8A}.Debug|x86.Build.0 = Debug|x86
		{F8F03E36-FF14-454B-8AC8-B3951A145F8A}.Release|Any CPU.ActiveCfg = Release|Any CPU
		{F8F03E36-FF14-454B-8AC8-B3951A145F8A}.Release|Any CPU.Build.0 = Release|Any CPU
		{F8F03E36-FF14-454B-8AC8-B3951A145F8A}.Release|x64.ActiveCfg = Release|x64
		{F8F03E36-FF14-454B-8AC8-B3951A145F8A}.Release|x64.Build.0 = Release|x64
		{F8F03E36-FF14-454B-8AC8-B3951A145F8A}.Release|x86.ActiveCfg = Release|x86
		{F8F03E36-FF14-454B-8AC8-B3951A145F8A}.Release|x86.Build.0 = Release|x86
		{1156740E-3129-4AAF-B314-EE3B23D9A955}.Debug|Any CPU.ActiveCfg = Debug|Any CPU
		{1156740E-3129-4AAF-B314-EE3B23D9A955}.Debug|Any CPU.Build.0 = Debug|Any CPU
		{1156740E-3129-4AAF-B314-EE3B23D9A955}.Debug|x64.ActiveCfg = Debug|x64
		{1156740E-3129-4AAF-B314-EE3B23D9A955}.Debug|x64.Build.0 = Debug|x64
		{1156740E-3129-4AAF-B314-EE3B23D9A955}.Debug|x86.ActiveCfg = Debug|x86
		{1156740E-3129-4AAF-B314-EE3B23D9A955}.Debug|x86.Build.0 = Debug|x86
		{1156740E-3129-4AAF-B314-EE3B23D9A955}.Release|Any CPU.ActiveCfg = Release|Any CPU
		{1156740E-3129-4AAF-B314-EE3B23D9A955}.Release|Any CPU.Build.0 = Release|Any CPU
		{1156740E-3129-4AAF-B314-EE3B23D9A955}.Release|x64.ActiveCfg = Release|x64
		{1156740E-3129-4AAF-B314-EE3B23D9A955}.Release|x64.Build.0 = Release|x64
		{1156740E-3129-4AAF-B314-EE3B23D9A955}.Release|x86.ActiveCfg = Release|x86
		{1156740E-3129-4AAF-B314-EE3B23D9A955}.Release|x86.Build.0 = Release|x86
		{03F1F886-AE14-418C-8F3D-7FA60D9A35E7}.Debug|Any CPU.ActiveCfg = Debug|Any CPU
		{03F1F886-AE14-418C-8F3D-7FA60D9A35E7}.Debug|Any CPU.Build.0 = Debug|Any CPU
		{03F1F886-AE14-418C-8F3D-7FA60D9A35E7}.Debug|x64.ActiveCfg = Debug|x64
		{03F1F886-AE14-418C-8F3D-7FA60D9A35E7}.Debug|x64.Build.0 = Debug|x64
		{03F1F886-AE14-418C-8F3D-7FA60D9A35E7}.Debug|x86.ActiveCfg = Debug|x86
		{03F1F886-AE14-418C-8F3D-7FA60D9A35E7}.Debug|x86.Build.0 = Debug|x86
		{03F1F886-AE14-418C-8F3D-7FA60D9A35E7}.Release|Any CPU.ActiveCfg = Release|Any CPU
		{03F1F886-AE14-418C-8F3D-7FA60D9A35E7}.Release|Any CPU.Build.0 = Release|Any CPU
		{03F1F886-AE14-418C-8F3D-7FA60D9A35E7}.Release|x64.ActiveCfg = Release|x64
		{03F1F886-AE14-418C-8F3D-7FA60D9A35E7}.Release|x64.Build.0 = Release|x64
		{03F1F886-AE14-418C-8F3D-7FA60D9A35E7}.Release|x86.ActiveCfg = Release|x86
		{03F1F886-AE14-418C-8F3D-7FA60D9A35E7}.Release|x86.Build.0 = Release|x86
		{85F21702-FB55-455F-A16D-8B87CF2C994B}.Debug|Any CPU.ActiveCfg = Debug|Any CPU
		{85F21702-FB55-455F-A16D-8B87CF2C994B}.Debug|Any CPU.Build.0 = Debug|Any CPU
		{85F21702-FB55-455F-A16D-8B87CF2C994B}.Debug|x64.ActiveCfg = Debug|x64
		{85F21702-FB55-455F-A16D-8B87CF2C994B}.Debug|x64.Build.0 = Debug|x64
		{85F21702-FB55-455F-A16D-8B87CF2C994B}.Debug|x86.ActiveCfg = Debug|x86
		{85F21702-FB55-455F-A16D-8B87CF2C994B}.Debug|x86.Build.0 = Debug|x86
		{85F21702-FB55-455F-A16D-8B87CF2C994B}.Release|Any CPU.ActiveCfg = Release|Any CPU
		{85F21702-FB55-455F-A16D-8B87CF2C994B}.Release|Any CPU.Build.0 = Release|Any CPU
		{85F21702-FB55-455F-A16D-8B87CF2C994B}.Release|x64.ActiveCfg = Release|x64
		{85F21702-FB55-455F-A16D-8B87CF2C994B}.Release|x64.Build.0 = Release|x64
		{85F21702-FB55-455F-A16D-8B87CF2C994B}.Release|x86.ActiveCfg = Release|x86
		{85F21702-FB55-455F-A16D-8B87CF2C994B}.Release|x86.Build.0 = Release|x86
		{A69DD834-9E94-45AB-95E6-AB057ADB7711}.Debug|Any CPU.ActiveCfg = Debug|Any CPU
		{A69DD834-9E94-45AB-95E6-AB057ADB7711}.Debug|Any CPU.Build.0 = Debug|Any CPU
		{A69DD834-9E94-45AB-95E6-AB057ADB7711}.Debug|x64.ActiveCfg = Debug|x64
		{A69DD834-9E94-45AB-95E6-AB057ADB7711}.Debug|x64.Build.0 = Debug|x64
		{A69DD834-9E94-45AB-95E6-AB057ADB7711}.Debug|x86.ActiveCfg = Debug|x86
		{A69DD834-9E94-45AB-95E6-AB057ADB7711}.Debug|x86.Build.0 = Debug|x86
		{A69DD834-9E94-45AB-95E6-AB057ADB7711}.Release|Any CPU.ActiveCfg = Release|Any CPU
		{A69DD834-9E94-45AB-95E6-AB057ADB7711}.Release|Any CPU.Build.0 = Release|Any CPU
		{A69DD834-9E94-45AB-95E6-AB057ADB7711}.Release|x64.ActiveCfg = Release|x64
		{A69DD834-9E94-45AB-95E6-AB057ADB7711}.Release|x64.Build.0 = Release|x64
		{A69DD834-9E94-45AB-95E6-AB057ADB7711}.Release|x86.ActiveCfg = Release|x86
		{A69DD834-9E94-45AB-95E6-AB057ADB7711}.Release|x86.Build.0 = Release|x86
		{C48F672B-FF70-4EFE-9CE5-6A1A8773B3F1}.Debug|Any CPU.ActiveCfg = Debug|Any CPU
		{C48F672B-FF70-4EFE-9CE5-6A1A8773B3F1}.Debug|Any CPU.Build.0 = Debug|Any CPU
		{C48F672B-FF70-4EFE-9CE5-6A1A8773B3F1}.Debug|x64.ActiveCfg = Debug|x64
		{C48F672B-FF70-4EFE-9CE5-6A1A8773B3F1}.Debug|x64.Build.0 = Debug|x64
		{C48F672B-FF70-4EFE-9CE5-6A1A8773B3F1}.Debug|x86.ActiveCfg = Debug|x86
		{C48F672B-FF70-4EFE-9CE5-6A1A8773B3F1}.Debug|x86.Build.0 = Debug|x86
		{C48F672B-FF70-4EFE-9CE5-6A1A8773B3F1}.Release|Any CPU.ActiveCfg = Release|Any CPU
		{C48F672B-FF70-4EFE-9CE5-6A1A8773B3F1}.Release|Any CPU.Build.0 = Release|Any CPU
		{C48F672B-FF70-4EFE-9CE5-6A1A8773B3F1}.Release|x64.ActiveCfg = Release|x64
		{C48F672B-FF70-4EFE-9CE5-6A1A8773B3F1}.Release|x64.Build.0 = Release|x64
		{C48F672B-FF70-4EFE-9CE5-6A1A8773B3F1}.Release|x86.ActiveCfg = Release|x86
		{C48F672B-FF70-4EFE-9CE5-6A1A8773B3F1}.Release|x86.Build.0 = Release|x86
		{DF245389-2F9A-4CDC-B1FB-54C2A425205E}.Debug|Any CPU.ActiveCfg = Debug|Any CPU
		{DF245389-2F9A-4CDC-B1FB-54C2A425205E}.Debug|Any CPU.Build.0 = Debug|Any CPU
		{DF245389-2F9A-4CDC-B1FB-54C2A425205E}.Debug|x64.ActiveCfg = Debug|x64
		{DF245389-2F9A-4CDC-B1FB-54C2A425205E}.Debug|x64.Build.0 = Debug|x64
		{DF245389-2F9A-4CDC-B1FB-54C2A425205E}.Debug|x86.ActiveCfg = Debug|x86
		{DF245389-2F9A-4CDC-B1FB-54C2A425205E}.Debug|x86.Build.0 = Debug|x86
		{DF245389-2F9A-4CDC-B1FB-54C2A425205E}.Release|Any CPU.ActiveCfg = Release|Any CPU
		{DF245389-2F9A-4CDC-B1FB-54C2A425205E}.Release|Any CPU.Build.0 = Release|Any CPU
		{DF245389-2F9A-4CDC-B1FB-54C2A425205E}.Release|x64.ActiveCfg = Release|x64
		{DF245389-2F9A-4CDC-B1FB-54C2A425205E}.Release|x64.Build.0 = Release|x64
		{DF245389-2F9A-4CDC-B1FB-54C2A425205E}.Release|x86.ActiveCfg = Release|x86
		{DF245389-2F9A-4CDC-B1FB-54C2A425205E}.Release|x86.Build.0 = Release|x86
	EndGlobalSection
	GlobalSection(NestedProjects) = preSolution
		{C1FBF99E-812B-4376-B483-73F708864933} = {309ABF0B-35CC-40DE-BCDF-E326309442D1}
		{6C5E23B1-5A66-4CA2-AF31-FA2909DE126F} = {309ABF0B-35CC-40DE-BCDF-E326309442D1}
		{F8F03E36-FF14-454B-8AC8-B3951A145F8A} = {864FF837-927B-4383-95CC-436E222E63CB}
		{1156740E-3129-4AAF-B314-EE3B23D9A955} = {309ABF0B-35CC-40DE-BCDF-E326309442D1}
		{03F1F886-AE14-418C-8F3D-7FA60D9A35E7} = {864FF837-927B-4383-95CC-436E222E63CB}
		{85F21702-FB55-455F-A16D-8B87CF2C994B} = {309ABF0B-35CC-40DE-BCDF-E326309442D1}
		{A69DD834-9E94-45AB-95E6-AB057ADB7711} = {864FF837-927B-4383-95CC-436E222E63CB}
		{C48F672B-FF70-4EFE-9CE5-6A1A8773B3F1} = {309ABF0B-35CC-40DE-BCDF-E326309442D1}
		{DF245389-2F9A-4CDC-B1FB-54C2A425205E} = {864FF837-927B-4383-95CC-436E222E63CB}
	EndGlobalSection
EndGlobal
